
Microsoft Visual Studio Solution File, Format Version 12.00
# Visual Studio Version 16
VisualStudioVersion = 16.0.29613.14
MinimumVisualStudioVersion = 10.0.40219.1
Project("{FAE04EC0-301F-11D3-BF4B-00C04F79EFBC}") = "Base64Saver", "Base64Saver.csproj", "{73027607-9A91-44AB-8FC9-91B6F80EBB15}"
EndProject
Global
	GlobalSection(SolutionConfigurationPlatforms) = preSolution
		Debug|Any CPU = Debug|Any CPU
		Release|Any CPU = Release|Any CPU
	EndGlobalSection
	GlobalSection(ProjectConfigurationPlatforms) = postSolution
		{73027607-9A91-44AB-8FC9-91B6F80EBB15}.Debug|Any CPU.ActiveCfg = Debug|Any CPU
		{73027607-9A91-44AB-8FC9-91B6F80EBB15}.Debug|Any CPU.Build.0 = Debug|Any CPU
		{73027607-9A91-44AB-8FC9-91B6F80EBB15}.Release|Any CPU.ActiveCfg = Release|Any CPU
		{73027607-9A91-44AB-8FC9-91B6F80EBB15}.Release|Any CPU.Build.0 = Release|Any CPU
	EndGlobalSection
	GlobalSection(SolutionProperties) = preSolution
		HideSolutionNode = FALSE
	EndGlobalSection
	GlobalSection(ExtensibilityGlobals) = postSolution
		SolutionGuid = {96200EA0-380B-4EF3-A89F-9E7865913C0E}
	EndGlobalSection
EndGlobal
